
Microsoft Visual Studio Solution File, Format Version 12.00
# Visual Studio Version 17
VisualStudioVersion = 17.10.35013.160
MinimumVisualStudioVersion = 10.0.40219.1
Project("{9A19103F-16F7-4668-BE54-9A1E7A4F7556}") = "Convenience", "Convenience\Convenience.csproj", "{8E9889A8-C9DD-4235-94D9-8A57233411D1}"
EndProject
Project("{9A19103F-16F7-4668-BE54-9A1E7A4F7556}") = "ConvenienceStarter", "ConvenienceStarter\ConvenienceStarter.csproj", "{91197F6A-6154-4680-A7FF-96962B42D240}"
EndProject
Global
	GlobalSection(SolutionConfigurationPlatforms) = preSolution
		Debug|Any CPU = Debug|Any CPU
		Release|Any CPU = Release|Any CPU
	EndGlobalSection
	GlobalSection(ProjectConfigurationPlatforms) = postSolution
		{8E9889A8-C9DD-4235-94D9-8A57233411D1}.Debug|Any CPU.ActiveCfg = Debug|Any CPU
		{8E9889A8-C9DD-4235-94D9-8A57233411D1}.Debug|Any CPU.Build.0 = Debug|Any CPU
		{8E9889A8-C9DD-4235-94D9-8A57233411D1}.Release|Any CPU.ActiveCfg = Release|Any CPU
		{8E9889A8-C9DD-4235-94D9-8A57233411D1}.Release|Any CPU.Build.0 = Release|Any CPU
		{91197F6A-6154-4680-A7FF-96962B42D240}.Debug|Any CPU.ActiveCfg = Debug|Any CPU
		{91197F6A-6154-4680-A7FF-96962B42D240}.Release|Any CPU.ActiveCfg = Release|Any CPU
		{91197F6A-6154-4680-A7FF-96962B42D240}.Release|Any CPU.Build.0 = Release|Any CPU
	EndGlobalSection
	GlobalSection(SolutionProperties) = preSolution
		HideSolutionNode = FALSE
	EndGlobalSection
	GlobalSection(ExtensibilityGlobals) = postSolution
		SolutionGuid = {3A4EC3F9-DD98-436C-B4E8-CF05230F3506}
	EndGlobalSection
EndGlobal
