
Microsoft Visual Studio Solution File, Format Version 12.00
# Visual Studio Version 17
VisualStudioVersion = 17.10.35013.160
MinimumVisualStudioVersion = 10.0.40219.1
Project("{9A19103F-16F7-4668-BE54-9A1E7A4F7556}") = "Convenience", "Convenience\Convenience.csproj", "{8E9889A8-C9DD-4235-94D9-8A57233411D1}"
EndProject
Project("{9A19103F-16F7-4668-BE54-9A1E7A4F7556}") = "Debug", "Debug\Debug.csproj", "{F6349923-2EAC-4AF8-B2CA-541949D3E43E}"
EndProject
Project("{9A19103F-16F7-4668-BE54-9A1E7A4F7556}") = "MachingGame", "MatchingGame\MachingGame.csproj", "{3C01AF90-2CC8-4A9F-B3F7-CCA0F6554091}"
EndProject
Project("{FAE04EC0-301F-11D3-BF4B-00C04F79EFBC}") = "SelfStudy", "SelfStudy\SelfStudy.csproj", "{7DEC3B73-0C4A-4E4D-8B0B-704BABE5459F}"
EndProject
Global
	GlobalSection(SolutionConfigurationPlatforms) = preSolution
		Debug|Any CPU = Debug|Any CPU
		Debug|ARM64 = Debug|ARM64
		Release|Any CPU = Release|Any CPU
		Release|ARM64 = Release|ARM64
	EndGlobalSection
	GlobalSection(ProjectConfigurationPlatforms) = postSolution
		{8E9889A8-C9DD-4235-94D9-8A57233411D1}.Debug|Any CPU.ActiveCfg = Debug|Any CPU
		{8E9889A8-C9DD-4235-94D9-8A57233411D1}.Debug|Any CPU.Build.0 = Debug|Any CPU
		{8E9889A8-C9DD-4235-94D9-8A57233411D1}.Debug|ARM64.ActiveCfg = Debug|ARM64
		{8E9889A8-C9DD-4235-94D9-8A57233411D1}.Debug|ARM64.Build.0 = Debug|ARM64
		{8E9889A8-C9DD-4235-94D9-8A57233411D1}.Release|Any CPU.ActiveCfg = Release|Any CPU
		{8E9889A8-C9DD-4235-94D9-8A57233411D1}.Release|Any CPU.Build.0 = Release|Any CPU
		{8E9889A8-C9DD-4235-94D9-8A57233411D1}.Release|ARM64.ActiveCfg = Debug|Any CPU
		{8E9889A8-C9DD-4235-94D9-8A57233411D1}.Release|ARM64.Build.0 = Debug|Any CPU
		{F6349923-2EAC-4AF8-B2CA-541949D3E43E}.Debug|Any CPU.ActiveCfg = Debug|Any CPU
		{F6349923-2EAC-4AF8-B2CA-541949D3E43E}.Debug|Any CPU.Build.0 = Debug|Any CPU
		{F6349923-2EAC-4AF8-B2CA-541949D3E43E}.Debug|ARM64.ActiveCfg = Debug|Any CPU
		{F6349923-2EAC-4AF8-B2CA-541949D3E43E}.Debug|ARM64.Build.0 = Debug|Any CPU
		{F6349923-2EAC-4AF8-B2CA-541949D3E43E}.Release|Any CPU.ActiveCfg = Release|Any CPU
		{F6349923-2EAC-4AF8-B2CA-541949D3E43E}.Release|Any CPU.Build.0 = Release|Any CPU
		{F6349923-2EAC-4AF8-B2CA-541949D3E43E}.Release|ARM64.ActiveCfg = Release|Any CPU
		{F6349923-2EAC-4AF8-B2CA-541949D3E43E}.Release|ARM64.Build.0 = Release|Any CPU
		{3C01AF90-2CC8-4A9F-B3F7-CCA0F6554091}.Debug|Any CPU.ActiveCfg = Debug|Any CPU
		{3C01AF90-2CC8-4A9F-B3F7-CCA0F6554091}.Debug|Any CPU.Build.0 = Debug|Any CPU
		{3C01AF90-2CC8-4A9F-B3F7-CCA0F6554091}.Debug|ARM64.ActiveCfg = Debug|Any CPU
		{3C01AF90-2CC8-4A9F-B3F7-CCA0F6554091}.Debug|ARM64.Build.0 = Debug|Any CPU
		{3C01AF90-2CC8-4A9F-B3F7-CCA0F6554091}.Release|Any CPU.ActiveCfg = Release|Any CPU
		{3C01AF90-2CC8-4A9F-B3F7-CCA0F6554091}.Release|Any CPU.Build.0 = Release|Any CPU
		{3C01AF90-2CC8-4A9F-B3F7-CCA0F6554091}.Release|ARM64.ActiveCfg = Release|Any CPU
		{3C01AF90-2CC8-4A9F-B3F7-CCA0F6554091}.Release|ARM64.Build.0 = Release|Any CPU
		{7DEC3B73-0C4A-4E4D-8B0B-704BABE5459F}.Debug|Any CPU.ActiveCfg = Debug|Any CPU
		{7DEC3B73-0C4A-4E4D-8B0B-704BABE5459F}.Debug|Any CPU.Build.0 = Debug|Any CPU
		{7DEC3B73-0C4A-4E4D-8B0B-704BABE5459F}.Debug|ARM64.ActiveCfg = Debug|Any CPU
		{7DEC3B73-0C4A-4E4D-8B0B-704BABE5459F}.Debug|ARM64.Build.0 = Debug|Any CPU
		{7DEC3B73-0C4A-4E4D-8B0B-704BABE5459F}.Release|Any CPU.ActiveCfg = Release|Any CPU
		{7DEC3B73-0C4A-4E4D-8B0B-704BABE5459F}.Release|Any CPU.Build.0 = Release|Any CPU
		{7DEC3B73-0C4A-4E4D-8B0B-704BABE5459F}.Release|ARM64.ActiveCfg = Release|Any CPU
		{7DEC3B73-0C4A-4E4D-8B0B-704BABE5459F}.Release|ARM64.Build.0 = Release|Any CPU
	EndGlobalSection
	GlobalSection(SolutionProperties) = preSolution
		HideSolutionNode = FALSE
	EndGlobalSection
	GlobalSection(ExtensibilityGlobals) = postSolution
		SolutionGuid = {3A4EC3F9-DD98-436C-B4E8-CF05230F3506}
	EndGlobalSection
EndGlobal
